
Microsoft Visual Studio Solution File, Format Version 12.00
# Visual Studio Version 17
VisualStudioVersion = 17.7.34024.191
MinimumVisualStudioVersion = 10.0.40219.1
Project("{FAE04EC0-301F-11D3-BF4B-00C04F79EFBC}") = "KirovTransportTax.API", "KirovTransportTax.API\KirovTransportTax.API.csproj", "{DFFB922F-4B2A-4D3E-A083-327A91E54C3A}"
EndProject
Project("{FAE04EC0-301F-11D3-BF4B-00C04F79EFBC}") = "KirovTransportTax.Domain", "KirovTransportTax.Domain\KirovTransportTax.Domain.csproj", "{AC948816-FA39-4A18-9E3A-05D7EC089054}"
EndProject
Project("{FAE04EC0-301F-11D3-BF4B-00C04F79EFBC}") = "KirovTransportTax.Infrastucture", "KirovTransportTax.Infrastucture\KirovTransportTax.Infrastucture.csproj", "{62A3A170-5761-47E1-B911-7784F9E5268E}"
EndProject
Global
	GlobalSection(SolutionConfigurationPlatforms) = preSolution
		Debug|Any CPU = Debug|Any CPU
		Release|Any CPU = Release|Any CPU
	EndGlobalSection
	GlobalSection(ProjectConfigurationPlatforms) = postSolution
		{DFFB922F-4B2A-4D3E-A083-327A91E54C3A}.Debug|Any CPU.ActiveCfg = Debug|Any CPU
		{DFFB922F-4B2A-4D3E-A083-327A91E54C3A}.Debug|Any CPU.Build.0 = Debug|Any CPU
		{DFFB922F-4B2A-4D3E-A083-327A91E54C3A}.Release|Any CPU.ActiveCfg = Release|Any CPU
		{DFFB922F-4B2A-4D3E-A083-327A91E54C3A}.Release|Any CPU.Build.0 = Release|Any CPU
		{AC948816-FA39-4A18-9E3A-05D7EC089054}.Debug|Any CPU.ActiveCfg = Debug|Any CPU
		{AC948816-FA39-4A18-9E3A-05D7EC089054}.Debug|Any CPU.Build.0 = Debug|Any CPU
		{AC948816-FA39-4A18-9E3A-05D7EC089054}.Release|Any CPU.ActiveCfg = Release|Any CPU
		{AC948816-FA39-4A18-9E3A-05D7EC089054}.Release|Any CPU.Build.0 = Release|Any CPU
		{62A3A170-5761-47E1-B911-7784F9E5268E}.Debug|Any CPU.ActiveCfg = Debug|Any CPU
		{62A3A170-5761-47E1-B911-7784F9E5268E}.Debug|Any CPU.Build.0 = Debug|Any CPU
		{62A3A170-5761-47E1-B911-7784F9E5268E}.Release|Any CPU.ActiveCfg = Release|Any CPU
		{62A3A170-5761-47E1-B911-7784F9E5268E}.Release|Any CPU.Build.0 = Release|Any CPU
	EndGlobalSection
	GlobalSection(SolutionProperties) = preSolution
		HideSolutionNode = FALSE
	EndGlobalSection
	GlobalSection(ExtensibilityGlobals) = postSolution
		SolutionGuid = {CD5A0FC9-86BB-474A-B517-406349F10582}
	EndGlobalSection
EndGlobal
